
Microsoft Visual Studio Solution File, Format Version 12.00
# Visual Studio Version 17
VisualStudioVersion = 17.5.33516.290
MinimumVisualStudioVersion = 10.0.40219.1
Project("{9A19103F-16F7-4668-BE54-9A1E7A4F7556}") = "Order.API", "Order\Order.API\Order.API.csproj", "{CFD0215C-A702-4346-91AD-E9B8EE59BCE0}"
EndProject
Project("{9A19103F-16F7-4668-BE54-9A1E7A4F7556}") = "User.API", "User\User.API\User.API.csproj", "{AC4DEB18-750F-446E-82B9-CB828FFF2FB0}"
EndProject
Project("{9A19103F-16F7-4668-BE54-9A1E7A4F7556}") = "Payment.API", "Payment\Payment.API\Payment.API.csproj", "{EA9E9DDF-08DB-408E-B3EB-9BE025D9910F}"
EndProject
Project("{9A19103F-16F7-4668-BE54-9A1E7A4F7556}") = "Product.API", "Product\Product.API\Product.API.csproj", "{7B972A8C-5DE0-4424-9FC4-94E726AE570E}"
EndProject
Project("{2150E333-8FDC-42A3-9474-1A3956D46DE8}") = "Order", "Order", "{6F1D722F-064E-4EFB-BD32-1BACB6B98F9A}"
EndProject
Project("{2150E333-8FDC-42A3-9474-1A3956D46DE8}") = "Payment", "Payment", "{B4283B46-B800-4B15-94D2-4F377FEE10CE}"
EndProject
Project("{2150E333-8FDC-42A3-9474-1A3956D46DE8}") = "Product", "Product", "{7672B2AC-B7A9-424A-8B89-F1A563D3C0E7}"
EndProject
Project("{2150E333-8FDC-42A3-9474-1A3956D46DE8}") = "Support", "Support", "{2EFDE9FB-B5AC-4FAA-9BFA-200EF963EAE2}"
EndProject
Project("{2150E333-8FDC-42A3-9474-1A3956D46DE8}") = "User", "User", "{D3C4A200-CEA6-4ED8-91AB-C367D180D5B2}"
EndProject
Project("{9A19103F-16F7-4668-BE54-9A1E7A4F7556}") = "Order.Core", "Order\Order.Core\Order.Core.csproj", "{B998C890-9982-4781-B686-90E862711CB3}"
EndProject
Project("{9A19103F-16F7-4668-BE54-9A1E7A4F7556}") = "Order.Infrastructure", "Order\Order.Infrastructure\Order.Infrastructure.csproj", "{F9E9EC58-B75C-4E83-BB46-F8B5F6E4CF02}"
EndProject
Project("{9A19103F-16F7-4668-BE54-9A1E7A4F7556}") = "Payment.Core", "Payment\Payment.Core\Payment.Core.csproj", "{90C3B973-94A8-4C3E-BAE4-66B04326D438}"
EndProject
Project("{9A19103F-16F7-4668-BE54-9A1E7A4F7556}") = "Payment.Infrastructure", "Payment\Payment.Infrastructure\Payment.Infrastructure.csproj", "{9F64509D-6B65-495E-AC65-A7CE3A6F406C}"
EndProject
Project("{9A19103F-16F7-4668-BE54-9A1E7A4F7556}") = "Product.Core", "Product\Product.Core\Product.Core.csproj", "{A8F6D1C2-9F3D-47A1-8547-DA9BF3A41C9F}"
EndProject
Project("{9A19103F-16F7-4668-BE54-9A1E7A4F7556}") = "Product.Infrastructure", "Product\Product.Infrastructure\Product.Infrastructure.csproj", "{2FF72D72-F5AF-4610-BAE7-A8DBA17F211B}"
EndProject
Project("{9A19103F-16F7-4668-BE54-9A1E7A4F7556}") = "User.Core", "User\User.Core\User.Core.csproj", "{548480D7-E013-408A-825B-84CBFB59FD63}"
EndProject
Project("{9A19103F-16F7-4668-BE54-9A1E7A4F7556}") = "User.Infrastructure", "User\User.Infrastructure\User.Infrastructure.csproj", "{0156B818-AC5F-4F3E-B072-4D944DF8E004}"
EndProject
Project("{9A19103F-16F7-4668-BE54-9A1E7A4F7556}") = "Support.Core", "Support\Support.Core\Support.Core.csproj", "{4A5FDC4F-798C-44F6-8842-0B587B28BF13}"
EndProject
Project("{9A19103F-16F7-4668-BE54-9A1E7A4F7556}") = "Support.Infrastructure", "Support\Support.Infrastructure\Support.Infrastructure.csproj", "{FD871B14-9E93-4653-A4B4-75B881A36006}"
EndProject
Project("{9A19103F-16F7-4668-BE54-9A1E7A4F7556}") = "OcelotGateway", "OcelotGateway\OcelotGateway.csproj", "{F85D62DC-41D6-40F9-B07D-E95E9A8A658F}"
EndProject
Project("{9A19103F-16F7-4668-BE54-9A1E7A4F7556}") = "Support.API", "Support\Support.API\Support.API.csproj", "{D032CBDA-7FC5-4172-8C15-9CB568979A6B}"
EndProject
Global
	GlobalSection(SolutionConfigurationPlatforms) = preSolution
		Debug|Any CPU = Debug|Any CPU
		Release|Any CPU = Release|Any CPU
	EndGlobalSection
	GlobalSection(ProjectConfigurationPlatforms) = postSolution
		{CFD0215C-A702-4346-91AD-E9B8EE59BCE0}.Debug|Any CPU.ActiveCfg = Debug|Any CPU
		{CFD0215C-A702-4346-91AD-E9B8EE59BCE0}.Debug|Any CPU.Build.0 = Debug|Any CPU
		{CFD0215C-A702-4346-91AD-E9B8EE59BCE0}.Release|Any CPU.ActiveCfg = Release|Any CPU
		{CFD0215C-A702-4346-91AD-E9B8EE59BCE0}.Release|Any CPU.Build.0 = Release|Any CPU
		{AC4DEB18-750F-446E-82B9-CB828FFF2FB0}.Debug|Any CPU.ActiveCfg = Debug|Any CPU
		{AC4DEB18-750F-446E-82B9-CB828FFF2FB0}.Debug|Any CPU.Build.0 = Debug|Any CPU
		{AC4DEB18-750F-446E-82B9-CB828FFF2FB0}.Release|Any CPU.ActiveCfg = Release|Any CPU
		{AC4DEB18-750F-446E-82B9-CB828FFF2FB0}.Release|Any CPU.Build.0 = Release|Any CPU
		{EA9E9DDF-08DB-408E-B3EB-9BE025D9910F}.Debug|Any CPU.ActiveCfg = Debug|Any CPU
		{EA9E9DDF-08DB-408E-B3EB-9BE025D9910F}.Debug|Any CPU.Build.0 = Debug|Any CPU
		{EA9E9DDF-08DB-408E-B3EB-9BE025D9910F}.Release|Any CPU.ActiveCfg = Release|Any CPU
		{EA9E9DDF-08DB-408E-B3EB-9BE025D9910F}.Release|Any CPU.Build.0 = Release|Any CPU
		{7B972A8C-5DE0-4424-9FC4-94E726AE570E}.Debug|Any CPU.ActiveCfg = Debug|Any CPU
		{7B972A8C-5DE0-4424-9FC4-94E726AE570E}.Debug|Any CPU.Build.0 = Debug|Any CPU
		{7B972A8C-5DE0-4424-9FC4-94E726AE570E}.Release|Any CPU.ActiveCfg = Release|Any CPU
		{7B972A8C-5DE0-4424-9FC4-94E726AE570E}.Release|Any CPU.Build.0 = Release|Any CPU
		{B998C890-9982-4781-B686-90E862711CB3}.Debug|Any CPU.ActiveCfg = Debug|Any CPU
		{B998C890-9982-4781-B686-90E862711CB3}.Debug|Any CPU.Build.0 = Debug|Any CPU
		{B998C890-9982-4781-B686-90E862711CB3}.Release|Any CPU.ActiveCfg = Release|Any CPU
		{B998C890-9982-4781-B686-90E862711CB3}.Release|Any CPU.Build.0 = Release|Any CPU
		{F9E9EC58-B75C-4E83-BB46-F8B5F6E4CF02}.Debug|Any CPU.ActiveCfg = Debug|Any CPU
		{F9E9EC58-B75C-4E83-BB46-F8B5F6E4CF02}.Debug|Any CPU.Build.0 = Debug|Any CPU
		{F9E9EC58-B75C-4E83-BB46-F8B5F6E4CF02}.Release|Any CPU.ActiveCfg = Release|Any CPU
		{F9E9EC58-B75C-4E83-BB46-F8B5F6E4CF02}.Release|Any CPU.Build.0 = Release|Any CPU
		{90C3B973-94A8-4C3E-BAE4-66B04326D438}.Debug|Any CPU.ActiveCfg = Debug|Any CPU
		{90C3B973-94A8-4C3E-BAE4-66B04326D438}.Debug|Any CPU.Build.0 = Debug|Any CPU
		{90C3B973-94A8-4C3E-BAE4-66B04326D438}.Release|Any CPU.ActiveCfg = Release|Any CPU
		{90C3B973-94A8-4C3E-BAE4-66B04326D438}.Release|Any CPU.Build.0 = Release|Any CPU
		{9F64509D-6B65-495E-AC65-A7CE3A6F406C}.Debug|Any CPU.ActiveCfg = Debug|Any CPU
		{9F64509D-6B65-495E-AC65-A7CE3A6F406C}.Debug|Any CPU.Build.0 = Debug|Any CPU
		{9F64509D-6B65-495E-AC65-A7CE3A6F406C}.Release|Any CPU.ActiveCfg = Release|Any CPU
		{9F64509D-6B65-495E-AC65-A7CE3A6F406C}.Release|Any CPU.Build.0 = Release|Any CPU
		{A8F6D1C2-9F3D-47A1-8547-DA9BF3A41C9F}.Debug|Any CPU.ActiveCfg = Debug|Any CPU
		{A8F6D1C2-9F3D-47A1-8547-DA9BF3A41C9F}.Debug|Any CPU.Build.0 = Debug|Any CPU
		{A8F6D1C2-9F3D-47A1-8547-DA9BF3A41C9F}.Release|Any CPU.ActiveCfg = Release|Any CPU
		{A8F6D1C2-9F3D-47A1-8547-DA9BF3A41C9F}.Release|Any CPU.Build.0 = Release|Any CPU
		{2FF72D72-F5AF-4610-BAE7-A8DBA17F211B}.Debug|Any CPU.ActiveCfg = Debug|Any CPU
		{2FF72D72-F5AF-4610-BAE7-A8DBA17F211B}.Debug|Any CPU.Build.0 = Debug|Any CPU
		{2FF72D72-F5AF-4610-BAE7-A8DBA17F211B}.Release|Any CPU.ActiveCfg = Release|Any CPU
		{2FF72D72-F5AF-4610-BAE7-A8DBA17F211B}.Release|Any CPU.Build.0 = Release|Any CPU
		{548480D7-E013-408A-825B-84CBFB59FD63}.Debug|Any CPU.ActiveCfg = Debug|Any CPU
		{548480D7-E013-408A-825B-84CBFB59FD63}.Debug|Any CPU.Build.0 = Debug|Any CPU
		{548480D7-E013-408A-825B-84CBFB59FD63}.Release|Any CPU.ActiveCfg = Release|Any CPU
		{548480D7-E013-408A-825B-84CBFB59FD63}.Release|Any CPU.Build.0 = Release|Any CPU
		{0156B818-AC5F-4F3E-B072-4D944DF8E004}.Debug|Any CPU.ActiveCfg = Debug|Any CPU
		{0156B818-AC5F-4F3E-B072-4D944DF8E004}.Debug|Any CPU.Build.0 = Debug|Any CPU
		{0156B818-AC5F-4F3E-B072-4D944DF8E004}.Release|Any CPU.ActiveCfg = Release|Any CPU
		{0156B818-AC5F-4F3E-B072-4D944DF8E004}.Release|Any CPU.Build.0 = Release|Any CPU
		{4A5FDC4F-798C-44F6-8842-0B587B28BF13}.Debug|Any CPU.ActiveCfg = Debug|Any CPU
		{4A5FDC4F-798C-44F6-8842-0B587B28BF13}.Debug|Any CPU.Build.0 = Debug|Any CPU
		{4A5FDC4F-798C-44F6-8842-0B587B28BF13}.Release|Any CPU.ActiveCfg = Release|Any CPU
		{4A5FDC4F-798C-44F6-8842-0B587B28BF13}.Release|Any CPU.Build.0 = Release|Any CPU
		{FD871B14-9E93-4653-A4B4-75B881A36006}.Debug|Any CPU.ActiveCfg = Debug|Any CPU
		{FD871B14-9E93-4653-A4B4-75B881A36006}.Debug|Any CPU.Build.0 = Debug|Any CPU
		{FD871B14-9E93-4653-A4B4-75B881A36006}.Release|Any CPU.ActiveCfg = Release|Any CPU
		{FD871B14-9E93-4653-A4B4-75B881A36006}.Release|Any CPU.Build.0 = Release|Any CPU
		{F85D62DC-41D6-40F9-B07D-E95E9A8A658F}.Debug|Any CPU.ActiveCfg = Debug|Any CPU
		{F85D62DC-41D6-40F9-B07D-E95E9A8A658F}.Debug|Any CPU.Build.0 = Debug|Any CPU
		{F85D62DC-41D6-40F9-B07D-E95E9A8A658F}.Release|Any CPU.ActiveCfg = Release|Any CPU
		{F85D62DC-41D6-40F9-B07D-E95E9A8A658F}.Release|Any CPU.Build.0 = Release|Any CPU
		{D032CBDA-7FC5-4172-8C15-9CB568979A6B}.Debug|Any CPU.ActiveCfg = Debug|Any CPU
		{D032CBDA-7FC5-4172-8C15-9CB568979A6B}.Debug|Any CPU.Build.0 = Debug|Any CPU
		{D032CBDA-7FC5-4172-8C15-9CB568979A6B}.Release|Any CPU.ActiveCfg = Release|Any CPU
		{D032CBDA-7FC5-4172-8C15-9CB568979A6B}.Release|Any CPU.Build.0 = Release|Any CPU
	EndGlobalSection
	GlobalSection(SolutionProperties) = preSolution
		HideSolutionNode = FALSE
	EndGlobalSection
	GlobalSection(NestedProjects) = preSolution
		{CFD0215C-A702-4346-91AD-E9B8EE59BCE0} = {6F1D722F-064E-4EFB-BD32-1BACB6B98F9A}
		{AC4DEB18-750F-446E-82B9-CB828FFF2FB0} = {D3C4A200-CEA6-4ED8-91AB-C367D180D5B2}
		{EA9E9DDF-08DB-408E-B3EB-9BE025D9910F} = {B4283B46-B800-4B15-94D2-4F377FEE10CE}
		{7B972A8C-5DE0-4424-9FC4-94E726AE570E} = {7672B2AC-B7A9-424A-8B89-F1A563D3C0E7}
		{B998C890-9982-4781-B686-90E862711CB3} = {6F1D722F-064E-4EFB-BD32-1BACB6B98F9A}
		{F9E9EC58-B75C-4E83-BB46-F8B5F6E4CF02} = {6F1D722F-064E-4EFB-BD32-1BACB6B98F9A}
		{90C3B973-94A8-4C3E-BAE4-66B04326D438} = {B4283B46-B800-4B15-94D2-4F377FEE10CE}
		{9F64509D-6B65-495E-AC65-A7CE3A6F406C} = {B4283B46-B800-4B15-94D2-4F377FEE10CE}
		{A8F6D1C2-9F3D-47A1-8547-DA9BF3A41C9F} = {7672B2AC-B7A9-424A-8B89-F1A563D3C0E7}
		{2FF72D72-F5AF-4610-BAE7-A8DBA17F211B} = {7672B2AC-B7A9-424A-8B89-F1A563D3C0E7}
		{548480D7-E013-408A-825B-84CBFB59FD63} = {D3C4A200-CEA6-4ED8-91AB-C367D180D5B2}
		{0156B818-AC5F-4F3E-B072-4D944DF8E004} = {D3C4A200-CEA6-4ED8-91AB-C367D180D5B2}
		{4A5FDC4F-798C-44F6-8842-0B587B28BF13} = {2EFDE9FB-B5AC-4FAA-9BFA-200EF963EAE2}
		{FD871B14-9E93-4653-A4B4-75B881A36006} = {2EFDE9FB-B5AC-4FAA-9BFA-200EF963EAE2}
		{D032CBDA-7FC5-4172-8C15-9CB568979A6B} = {2EFDE9FB-B5AC-4FAA-9BFA-200EF963EAE2}
	EndGlobalSection
	GlobalSection(ExtensibilityGlobals) = postSolution
		SolutionGuid = {30FFBFAD-9E99-4E65-8D26-0E5529FBF998}
	EndGlobalSection
EndGlobal
